
Microsoft Visual Studio Solution File, Format Version 12.00
# Visual Studio Version 17
VisualStudioVersion = 17.0.31903.59
MinimumVisualStudioVersion = 10.0.40219.1
Project("{FAE04EC0-301F-11D3-BF4B-00C04F79EFBC}") = "SampleSecureWeb", "SampleSecureWeb\SampleSecureWeb.csproj", "{125CEFC4-7DC3-4995-9757-B75D5A1E3918}"
EndProject
Global
	GlobalSection(SolutionConfigurationPlatforms) = preSolution
		Debug|Any CPU = Debug|Any CPU
		Release|Any CPU = Release|Any CPU
	EndGlobalSection
	GlobalSection(SolutionProperties) = preSolution
		HideSolutionNode = FALSE
	EndGlobalSection
	GlobalSection(ProjectConfigurationPlatforms) = postSolution
		{125CEFC4-7DC3-4995-9757-B75D5A1E3918}.Debug|Any CPU.ActiveCfg = Debug|Any CPU
		{125CEFC4-7DC3-4995-9757-B75D5A1E3918}.Debug|Any CPU.Build.0 = Debug|Any CPU
		{125CEFC4-7DC3-4995-9757-B75D5A1E3918}.Release|Any CPU.ActiveCfg = Release|Any CPU
		{125CEFC4-7DC3-4995-9757-B75D5A1E3918}.Release|Any CPU.Build.0 = Release|Any CPU
	EndGlobalSection
EndGlobal
